
Microsoft Visual Studio Solution File, Format Version 12.00
# Visual Studio Version 17
VisualStudioVersion = 17.2.32630.192
MinimumVisualStudioVersion = 10.0.40219.1
Project("{FAE04EC0-301F-11D3-BF4B-00C04F79EFBC}") = "FoodieCorner.Backend", "FoodCorner\FoodieCorner.Backend.csproj", "{021B1DB0-450E-4D2F-8B67-9B9954C9A64A}"
EndProject
Project("{FAE04EC0-301F-11D3-BF4B-00C04F79EFBC}") = "FoodieCorner.ConsoleApp", "FoodieCorner.ConsoleApp\FoodieCorner.ConsoleApp.csproj", "{D526BD43-98A9-4F9D-AB1C-C614AD2B92E8}"
EndProject
Global
	GlobalSection(SolutionConfigurationPlatforms) = preSolution
		Debug|Any CPU = Debug|Any CPU
		Release|Any CPU = Release|Any CPU
	EndGlobalSection
	GlobalSection(ProjectConfigurationPlatforms) = postSolution
		{021B1DB0-450E-4D2F-8B67-9B9954C9A64A}.Debug|Any CPU.ActiveCfg = Debug|Any CPU
		{021B1DB0-450E-4D2F-8B67-9B9954C9A64A}.Debug|Any CPU.Build.0 = Debug|Any CPU
		{021B1DB0-450E-4D2F-8B67-9B9954C9A64A}.Release|Any CPU.ActiveCfg = Release|Any CPU
		{021B1DB0-450E-4D2F-8B67-9B9954C9A64A}.Release|Any CPU.Build.0 = Release|Any CPU
		{D526BD43-98A9-4F9D-AB1C-C614AD2B92E8}.Debug|Any CPU.ActiveCfg = Debug|Any CPU
		{D526BD43-98A9-4F9D-AB1C-C614AD2B92E8}.Debug|Any CPU.Build.0 = Debug|Any CPU
		{D526BD43-98A9-4F9D-AB1C-C614AD2B92E8}.Release|Any CPU.ActiveCfg = Release|Any CPU
		{D526BD43-98A9-4F9D-AB1C-C614AD2B92E8}.Release|Any CPU.Build.0 = Release|Any CPU
	EndGlobalSection
	GlobalSection(SolutionProperties) = preSolution
		HideSolutionNode = FALSE
	EndGlobalSection
	GlobalSection(ExtensibilityGlobals) = postSolution
		SolutionGuid = {C9A94E62-E69D-4872-ABA7-465D78398257}
	EndGlobalSection
EndGlobal
